
Microsoft Visual Studio Solution File, Format Version 12.00
# Visual Studio Version 18
VisualStudioVersion = 18.4.11605.240 stable
MinimumVisualStudioVersion = 10.0.40219.1
Project("{FAE04EC0-301F-11D3-BF4B-00C04F79EFBC}") = "PlanAI", "PlanAI.csproj", "{08035973-F4E9-7FF2-07A7-57A1B532EB6F}"
EndProject
Global
	GlobalSection(SolutionConfigurationPlatforms) = preSolution
		Debug|Any CPU = Debug|Any CPU
		Release|Any CPU = Release|Any CPU
	EndGlobalSection
	GlobalSection(ProjectConfigurationPlatforms) = postSolution
		{08035973-F4E9-7FF2-07A7-57A1B532EB6F}.Debug|Any CPU.ActiveCfg = Debug|Any CPU
		{08035973-F4E9-7FF2-07A7-57A1B532EB6F}.Debug|Any CPU.Build.0 = Debug|Any CPU
		{08035973-F4E9-7FF2-07A7-57A1B532EB6F}.Release|Any CPU.ActiveCfg = Release|Any CPU
		{08035973-F4E9-7FF2-07A7-57A1B532EB6F}.Release|Any CPU.Build.0 = Release|Any CPU
	EndGlobalSection
	GlobalSection(SolutionProperties) = preSolution
		HideSolutionNode = FALSE
	EndGlobalSection
	GlobalSection(ExtensibilityGlobals) = postSolution
		SolutionGuid = {CB477075-2216-4FF4-8075-EBFD922CAC6C}
	EndGlobalSection
EndGlobal
